<?xml version="1.0" encoding="utf-8"?>
<Project ToolsVersion="4.0" xmlns="http://schemas.microsoft.com/developer/msbuild/2003">
  <ItemGroup>
    <Filter Include="Source Files">
      <UniqueIdentifier>{4FC737F1-C7A5-4376-A066-2A32D752A2FF}</UniqueIdentifier>
      <Extensions>cpp;c;cc;cxx;def;odl;idl;hpj;bat;asm;asmx</Extensions>
    </Filter>
    <Filter Include="Header Files">
      <UniqueIdentifier>{93995380-89BD-4b04-88EB-625FBE52EBFB}</UniqueIdentifier>
      <Extensions>h;hh;hpp;hxx;hm;inl;inc;xsd</Extensions>
    </Filter>
    <Filter Include="Resource Files">
      <UniqueIdentifier>{D9D6E242-F8AF-46E4-B9FD-80ECBC20BA3E}</UniqueIdentifier>
      <Extensions>qrc;*</Extensions>
      <ParseFiles>false</ParseFiles>
    </Filter>
    <Filter Include="Form Files">
      <UniqueIdentifier>{99349809-55BA-4b9d-BF79-8FDBB0286EB3}</UniqueIdentifier>
      <Extensions>ui</Extensions>
    </Filter>
    <Filter Include="Resource Files">
      <UniqueIdentifier>{D9D6E242-F8AF-46E4-B9FD-80ECBC20BA3E}</UniqueIdentifier>
      <Extensions>qrc;*</Extensions>
      <ParseFiles>false</ParseFiles>
    </Filter>
  </ItemGroup>
  <ItemGroup>
    <ClCompile Include="main.cpp">
      <Filter>Source Files</Filter>
    </ClCompile>
    <ClCompile Include="GPA434_Lab3_pro.cpp">
      <Filter>Source Files</Filter>
    </ClCompile>
    <ClCompile Include="Berry.cpp">
      <Filter>Source Files</Filter>
    </ClCompile>
    <ClCompile Include="Fire_T.cpp">
      <Filter>Source Files</Filter>
    </ClCompile>
    <ClCompile Include="Grass_T.cpp">
      <Filter>Source Files</Filter>
    </ClCompile>
    <ClCompile Include="P_Fire.cpp">
      <Filter>Source Files</Filter>
    </ClCompile>
    <ClCompile Include="P_Grass.cpp">
      <Filter>Source Files</Filter>
    </ClCompile>
    <ClCompile Include="P_Water.cpp">
      <Filter>Source Files</Filter>
    </ClCompile>
    <ClCompile Include="Pokemon.cpp">
      <Filter>Source Files</Filter>
    </ClCompile>
    <ClCompile Include="QAboutDialog.cpp">
      <Filter>Source Files</Filter>
    </ClCompile>
    <ClCompile Include="QColorBox.cpp">
      <Filter>Source Files</Filter>
    </ClCompile>
    <ClCompile Include="QControlBar.cpp">
      <Filter>Source Files</Filter>
    </ClCompile>
    <ClCompile Include="QDynamicItem.cpp">
      <Filter>Source Files</Filter>
    </ClCompile>
    <ClCompile Include="QParameters.cpp">
      <Filter>Source Files</Filter>
    </ClCompile>
    <ClCompile Include="StaticEntity.cpp">
      <Filter>Source Files</Filter>
    </ClCompile>
    <ClCompile Include="Territory.cpp">
      <Filter>Source Files</Filter>
    </ClCompile>
    <ClCompile Include="Water_T.cpp">
      <Filter>Source Files</Filter>
    </ClCompile>
    <ClCompile Include="RandomPokemon.cpp">
      <Filter>Source Files</Filter>
    </ClCompile>
    <ClCompile Include="HealthBar.cpp">
      <Filter>Source Files</Filter>
    </ClCompile>
    <ClCompile Include="Flash.cpp">
      <Filter>Source Files</Filter>
    </ClCompile>
    <ClCompile Include="Meteo.cpp">
      <Filter>Source Files</Filter>
    </ClCompile>
  </ItemGroup>
  <ItemGroup>
    <QtMoc Include="GPA434_Lab3_pro.h">
      <Filter>Header Files</Filter>
    </QtMoc>
    <QtMoc Include="QAboutDialog.h">
      <Filter>Header Files</Filter>
    </QtMoc>
    <QtMoc Include="QControlBar.h">
      <Filter>Header Files</Filter>
    </QtMoc>
    <QtMoc Include="QParameters.h">
      <Filter>Header Files</Filter>
    </QtMoc>
  </ItemGroup>
  <ItemGroup>
    <QtUic Include="GPA434_Lab3_pro.ui">
      <Filter>Form Files</Filter>
    </QtUic>
  </ItemGroup>
  <ItemGroup>
    <QtRcc Include="GPA434_Lab3_pro.qrc">
      <Filter>Resource Files</Filter>
    </QtRcc>
  </ItemGroup>
  <ItemGroup>
    <ClInclude Include="Berry.h">
      <Filter>Header Files</Filter>
    </ClInclude>
    <ClInclude Include="Fire_T.h">
      <Filter>Header Files</Filter>
    </ClInclude>
    <ClInclude Include="Grass_T.h">
      <Filter>Header Files</Filter>
    </ClInclude>
    <ClInclude Include="P_Fire.h">
      <Filter>Header Files</Filter>
    </ClInclude>
    <ClInclude Include="P_Grass.h">
      <Filter>Header Files</Filter>
    </ClInclude>
    <ClInclude Include="P_Water.h">
      <Filter>Header Files</Filter>
    </ClInclude>
    <ClInclude Include="Pokemon.h">
      <Filter>Header Files</Filter>
    </ClInclude>
    <ClInclude Include="QColorBox.h">
      <Filter>Header Files</Filter>
    </ClInclude>
    <ClInclude Include="QDynamicItem.h">
      <Filter>Header Files</Filter>
    </ClInclude>
    <ClInclude Include="StaticEntity.h">
      <Filter>Header Files</Filter>
    </ClInclude>
    <ClInclude Include="Territory.h">
      <Filter>Header Files</Filter>
    </ClInclude>
    <ClInclude Include="Water_T.h">
      <Filter>Header Files</Filter>
    </ClInclude>
    <ClInclude Include="HealthBar.h">
      <Filter>Header Files</Filter>
    </ClInclude>
    <ClInclude Include="Flash.h">
      <Filter>Header Files</Filter>
    </ClInclude>
    <ClInclude Include="Meteo.h">
      <Filter>Header Files</Filter>
    </ClInclude>
  </ItemGroup>
</Project>